<?xml version="1.0" encoding="utf-8"?>
<Project ToolsVersion="4.0" xmlns="http://schemas.microsoft.com/developer/msbuild/2003">
  <ItemGroup>
    <Filter Include="Source Files">
      <UniqueIdentifier>{4FC737F1-C7A5-4376-A066-2A32D752A2FF}</UniqueIdentifier>
      <Extensions>cpp;c;cc;cxx;c++;cppm;ixx;def;odl;idl;hpj;bat;asm;asmx</Extensions>
    </Filter>
    <Filter Include="Header Files">
      <UniqueIdentifier>{93995380-89BD-4b04-88EB-625FBE52EBFB}</UniqueIdentifier>
      <Extensions>h;hh;hpp;hxx;h++;hm;inl;inc;ipp;xsd</Extensions>
    </Filter>
    <Filter Include="Resource Files">
      <UniqueIdentifier>{67DA6AB6-F800-4c08-8B7A-83BB121AAD01}</UniqueIdentifier>
      <Extensions>rc;ico;cur;bmp;dlg;rc2;rct;bin;rgs;gif;jpg;jpeg;jpe;resx;tiff;tif;png;wav;mfcribbon-ms</Extensions>
    </Filter>
    <Filter Include="Header Files\Patcher">
      <UniqueIdentifier>{37348c54-ca2d-4a05-b073-7db03dbf70a2}</UniqueIdentifier>
    </Filter>
    <Filter Include="Source Files\Patcher">
      <UniqueIdentifier>{8f7d7824-09d2-445c-bdc2-9e955c9f41a4}</UniqueIdentifier>
    </Filter>
  </ItemGroup>
  <ItemGroup>
    <ClInclude Include="pch.h">
      <Filter>Header Files</Filter>
    </ClInclude>
    <ClInclude Include="types.h">
      <Filter>Header Files</Filter>
    </ClInclude>
    <ClInclude Include="cad.h">
      <Filter>Header Files</Filter>
    </ClInclude>
    <ClInclude Include="renderer.h">
      <Filter>Header Files</Filter>
    </ClInclude>
    <ClInclude Include="util.h">
      <Filter>Header Files</Filter>
    </ClInclude>
    <ClInclude Include="resource.h">
      <Filter>Header Files</Filter>
    </ClInclude>
    <ClInclude Include="assets.h">
      <Filter>Header Files</Filter>
    </ClInclude>
    <ClInclude Include="ResolutionVerifier.h">
      <Filter>Header Files</Filter>
    </ClInclude>
    <ClInclude Include="ResolutionDialog.h">
      <Filter>Header Files</Filter>
    </ClInclude>
    <ClInclude Include="GameDllHooks.h">
      <Filter>Header Files\Patcher</Filter>
    </ClInclude>
    <ClInclude Include="PatchTypes.h">
      <Filter>Header Files\Patcher</Filter>
    </ClInclude>
    <ClInclude Include="ProfileFactory.h">
      <Filter>Header Files\Patcher</Filter>
    </ClInclude>
    <ClInclude Include="MemoryRelocator.h">
      <Filter>Header Files\Patcher</Filter>
    </ClInclude>
    <ClInclude Include="CodePatcher.h">
      <Filter>Header Files\Patcher</Filter>
    </ClInclude>
    <ClInclude Include="PatchEngine.h">
      <Filter>Header Files\Patcher</Filter>
    </ClInclude>
    <ClInclude Include="Profiles.h">
      <Filter>Header Files\Patcher</Filter>
    </ClInclude>
    <ClInclude Include="ProfileBase.h">
      <Filter>Header Files\Patcher</Filter>
    </ClInclude>
    <ClInclude Include="LdrNotification.h">
      <Filter>Header Files\Patcher</Filter>
    </ClInclude>
    <ClInclude Include="DllMonitor.h">
      <Filter>Header Files\Patcher</Filter>
    </ClInclude>
    <ClInclude Include="GameGlobals.h">
      <Filter>Header Files\Patcher</Filter>
    </ClInclude>
    <ClInclude Include="ScreenConfig.h">
      <Filter>Header Files</Filter>
    </ClInclude>
    <ClInclude Include="PatchInstallers.h">
      <Filter>Header Files\Patcher</Filter>
    </ClInclude>
    <ClInclude Include="MenuDllHooks.h">
      <Filter>Header Files\Patcher</Filter>
    </ClInclude>
    <ClInclude Include="DllHooksBase.h">
      <Filter>Header Files</Filter>
    </ClInclude>
    <ClInclude Include="DllVersionDetector.h">
      <Filter>Header Files</Filter>
    </ClInclude>
    <ClInclude Include="version.h">
      <Filter>Header Files</Filter>
    </ClInclude>
    <ClInclude Include="SplashTextRenderer.h">
      <Filter>Header Files</Filter>
    </ClInclude>
  </ItemGroup>
  <ItemGroup>
    <ClCompile Include="pch.cpp">
      <Filter>Source Files</Filter>
    </ClCompile>
    <ClCompile Include="main.cpp">
      <Filter>Source Files</Filter>
    </ClCompile>
    <ClCompile Include="cad.cpp">
      <Filter>Source Files</Filter>
    </ClCompile>
    <ClCompile Include="renderer.cpp">
      <Filter>Source Files</Filter>
    </ClCompile>
    <ClCompile Include="ResolutionVerifier.cpp">
      <Filter>Source Files</Filter>
    </ClCompile>
    <ClCompile Include="util.cpp">
      <Filter>Source Files</Filter>
    </ClCompile>
    <ClCompile Include="ResolutionDialog.cpp">
      <Filter>Source Files</Filter>
    </ClCompile>
    <ClCompile Include="GameDllHooks.cpp">
      <Filter>Source Files\Patcher</Filter>
    </ClCompile>
    <ClCompile Include="DllMonitor.cpp">
      <Filter>Source Files\Patcher</Filter>
    </ClCompile>
    <ClCompile Include="ScreenConfig.cpp">
      <Filter>Source Files</Filter>
    </ClCompile>
    <ClCompile Include="PatchInstallers.cpp">
      <Filter>Source Files\Patcher</Filter>
    </ClCompile>
    <ClCompile Include="DllVersionDetector.cpp">
      <Filter>Source Files</Filter>
    </ClCompile>
    <ClCompile Include="MenuDllHooks.cpp">
      <Filter>Source Files\Patcher</Filter>
    </ClCompile>
  </ItemGroup>
  <ItemGroup>
    <ResourceCompile Include="MultiCAD.rc">
      <Filter>Resource Files</Filter>
    </ResourceCompile>
  </ItemGroup>
  <ItemGroup>
    <None Include="MultiCAD.def">
      <Filter>Resource Files</Filter>
    </None>
  </ItemGroup>
</Project>